# This file was autogenerated by Stack.
# You should not edit this file by hand.
# For more information, please see the documentation at:
#   https://docs.haskellstack.org/en/stable/lock_files

packages:
- completed:
    name: base-noprelude
    version: 4.14.1.0
    git: https://github.com/AlistairB/base-noprelude.git
    pantry-tree:
      size: 823
      sha256: 5a4b6fa4cbd56db8c1629e463b6a83e074a27674c6c96e50175c95630d04e516
    commit: 330a3d21d021169d391843cbaf2da6fe7dc9f08e
  original:
    git: https://github.com/AlistairB/base-noprelude.git
    commit: 330a3d21d021169d391843cbaf2da6fe7dc9f08e
snapshots:
- completed:
    size: 567037
    url: https://raw.githubusercontent.com/commercialhaskell/stackage-snapshots/master/lts/17/9.yaml
    sha256: d7d8d5106e53d1669964bd8bd2b0f88a5ad192d772f5376384b76738fd992311
  original: lts-17.9
